
Microsoft Visual Studio Solution File, Format Version 12.00
# Visual Studio 2012
Project("{FAE04EC0-301F-11D3-BF4B-00C04F79EFBC}") = "SampleWebApplication", "SampleWebApplication\SampleWebApplication.csproj", "{B5CDBC63-63C3-4A2D-980C-42B3E5D834E9}"
EndProject
Project("{FAE04EC0-301F-11D3-BF4B-00C04F79EFBC}") = "SampleConsoleApplication", "SampleConsoleApplication\SampleConsoleApplication.csproj", "{3922A568-14AD-44B4-9B60-BE6D8F063375}"
	ProjectSection(ProjectDependencies) = postProject
		{C5020226-34D4-4A24-9875-4F16DE625CCE} = {C5020226-34D4-4A24-9875-4F16DE625CCE}
	EndProjectSection
EndProject
Project("{FAE04EC0-301F-11D3-BF4B-00C04F79EFBC}") = "TestWcfService1", "TestWcfService1\TestWcfService1.csproj", "{C5020226-34D4-4A24-9875-4F16DE625CCE}"
EndProject
Project("{2150E333-8FDC-42A3-9474-1A3956D46DE8}") = "DesignPatterns", "DesignPatterns", "{ADB12E07-2D44-4DE3-AFB7-91F34039E46C}"
	ProjectSection(SolutionItems) = preProject
		DesignPatterns.txt = DesignPatterns.txt
	EndProjectSection
EndProject
Project("{2150E333-8FDC-42A3-9474-1A3956D46DE8}") = "SingletonPattern", "SingletonPattern", "{A830FEC9-B5B9-4B94-B4F5-0D6AFD29B11D}"
EndProject
Project("{FAE04EC0-301F-11D3-BF4B-00C04F79EFBC}") = "SingletonPattern", "SingletonPattern\SingletonPattern.csproj", "{84E3C98E-2896-45DF-BBA5-75860AC5601C}"
EndProject
Project("{2150E333-8FDC-42A3-9474-1A3956D46DE8}") = "FactoryMethodPattern", "FactoryMethodPattern", "{F0B1AD2E-D677-4567-902B-F1C2F057EA11}"
EndProject
Project("{FAE04EC0-301F-11D3-BF4B-00C04F79EFBC}") = "FactoryMethodPattern", "FactoryPattern\FactoryMethodPattern.csproj", "{6B5B423E-143E-46E8-84A1-2E3C2ECBA607}"
EndProject
Project("{2150E333-8FDC-42A3-9474-1A3956D46DE8}") = "OOP", "OOP", "{21217843-84C7-4B09-9C86-42E35E595D21}"
EndProject
Project("{FAE04EC0-301F-11D3-BF4B-00C04F79EFBC}") = "AbstractClassVsInterface", "AbstractClassVsInterface\AbstractClassVsInterface.csproj", "{545CF28E-9AD9-4434-91EC-BA1A1561E84A}"
EndProject
Project("{2150E333-8FDC-42A3-9474-1A3956D46DE8}") = "ObserverPattern", "ObserverPattern", "{BA8DE506-1306-44C1-AF94-A2708B63CC47}"
EndProject
Project("{FAE04EC0-301F-11D3-BF4B-00C04F79EFBC}") = "SampleMvcApplication", "SampleMvcApplication\SampleMvcApplication.csproj", "{A510FBD3-DB91-452F-9D48-AAA9B9104419}"
EndProject
Project("{FAE04EC0-301F-11D3-BF4B-00C04F79EFBC}") = "SampleMvcApplication2", "SampleMvcApplication2\SampleMvcApplication2.csproj", "{784384D3-7C86-4C57-899A-352982F35FD9}"
EndProject
Project("{2150E333-8FDC-42A3-9474-1A3956D46DE8}") = "CommandPattern", "CommandPattern", "{824723F1-3C5E-4EB1-AEF6-918D5A8E8252}"
EndProject
Project("{FAE04EC0-301F-11D3-BF4B-00C04F79EFBC}") = "CommandPattern", "CommandPattern\CommandPattern.csproj", "{037E3425-E178-4A81-AF33-0C57872D3C4B}"
EndProject
Project("{2150E333-8FDC-42A3-9474-1A3956D46DE8}") = "DecoratorPattern", "DecoratorPattern", "{15D5FCC8-6996-404D-B1AB-E75EFFC39105}"
EndProject
Project("{FAE04EC0-301F-11D3-BF4B-00C04F79EFBC}") = "DecoratorPattern", "DecoratorPattern\DecoratorPattern.csproj", "{97EEBA3D-3C85-4FCA-A5D9-C4BA39BBA446}"
EndProject
Project("{2150E333-8FDC-42A3-9474-1A3956D46DE8}") = "TemplateMethodPattern", "TemplateMethodPattern", "{EA51EBD7-4037-4EBA-8A31-AAF13D02E8FA}"
EndProject
Project("{FAE04EC0-301F-11D3-BF4B-00C04F79EFBC}") = "TemplateMethodPattern", "TemplateMethodPattern\TemplateMethodPattern.csproj", "{3DC6D7BF-0DD9-4841-90D0-3F339ACDDE13}"
EndProject
Project("{FAE04EC0-301F-11D3-BF4B-00C04F79EFBC}") = "UnitTestProject1", "UnitTestProject1\UnitTestProject1.csproj", "{C16E9BC7-084C-46AE-AD6F-FE7EBA4236B8}"
EndProject
Project("{2150E333-8FDC-42A3-9474-1A3956D46DE8}") = "BehavioralPatterns", "BehavioralPatterns", "{6EB9045B-AAD2-4DB3-A26D-B8194A8E58F3}"
EndProject
Project("{2150E333-8FDC-42A3-9474-1A3956D46DE8}") = "CreationalPatterns", "CreationalPatterns", "{F20F3D74-3170-45D7-BE4D-11668319FCC7}"
EndProject
Project("{2150E333-8FDC-42A3-9474-1A3956D46DE8}") = "StructuralPatterns", "StructuralPatterns", "{52E7A6A7-28C2-4717-8F06-335EB9364C88}"
EndProject
Project("{2150E333-8FDC-42A3-9474-1A3956D46DE8}") = "VisitorPattern", "VisitorPattern", "{8F707759-FB28-4880-96E7-EA885AF22BA4}"
EndProject
Project("{FAE04EC0-301F-11D3-BF4B-00C04F79EFBC}") = "VisitorPattern", "VisitorPattern\VisitorPattern.csproj", "{9A98BAAC-3327-4376-AFDF-7284CFE84FE6}"
EndProject
Global
	GlobalSection(SolutionConfigurationPlatforms) = preSolution
		Debug|Any CPU = Debug|Any CPU
		Release|Any CPU = Release|Any CPU
	EndGlobalSection
	GlobalSection(ProjectConfigurationPlatforms) = postSolution
		{B5CDBC63-63C3-4A2D-980C-42B3E5D834E9}.Debug|Any CPU.ActiveCfg = Debug|Any CPU
		{B5CDBC63-63C3-4A2D-980C-42B3E5D834E9}.Debug|Any CPU.Build.0 = Debug|Any CPU
		{B5CDBC63-63C3-4A2D-980C-42B3E5D834E9}.Release|Any CPU.ActiveCfg = Release|Any CPU
		{B5CDBC63-63C3-4A2D-980C-42B3E5D834E9}.Release|Any CPU.Build.0 = Release|Any CPU
		{3922A568-14AD-44B4-9B60-BE6D8F063375}.Debug|Any CPU.ActiveCfg = Debug|Any CPU
		{3922A568-14AD-44B4-9B60-BE6D8F063375}.Debug|Any CPU.Build.0 = Debug|Any CPU
		{3922A568-14AD-44B4-9B60-BE6D8F063375}.Release|Any CPU.ActiveCfg = Release|Any CPU
		{3922A568-14AD-44B4-9B60-BE6D8F063375}.Release|Any CPU.Build.0 = Release|Any CPU
		{C5020226-34D4-4A24-9875-4F16DE625CCE}.Debug|Any CPU.ActiveCfg = Debug|Any CPU
		{C5020226-34D4-4A24-9875-4F16DE625CCE}.Debug|Any CPU.Build.0 = Debug|Any CPU
		{C5020226-34D4-4A24-9875-4F16DE625CCE}.Release|Any CPU.ActiveCfg = Release|Any CPU
		{C5020226-34D4-4A24-9875-4F16DE625CCE}.Release|Any CPU.Build.0 = Release|Any CPU
		{84E3C98E-2896-45DF-BBA5-75860AC5601C}.Debug|Any CPU.ActiveCfg = Debug|Any CPU
		{84E3C98E-2896-45DF-BBA5-75860AC5601C}.Debug|Any CPU.Build.0 = Debug|Any CPU
		{84E3C98E-2896-45DF-BBA5-75860AC5601C}.Release|Any CPU.ActiveCfg = Release|Any CPU
		{84E3C98E-2896-45DF-BBA5-75860AC5601C}.Release|Any CPU.Build.0 = Release|Any CPU
		{6B5B423E-143E-46E8-84A1-2E3C2ECBA607}.Debug|Any CPU.ActiveCfg = Debug|Any CPU
		{6B5B423E-143E-46E8-84A1-2E3C2ECBA607}.Debug|Any CPU.Build.0 = Debug|Any CPU
		{6B5B423E-143E-46E8-84A1-2E3C2ECBA607}.Release|Any CPU.ActiveCfg = Release|Any CPU
		{6B5B423E-143E-46E8-84A1-2E3C2ECBA607}.Release|Any CPU.Build.0 = Release|Any CPU
		{545CF28E-9AD9-4434-91EC-BA1A1561E84A}.Debug|Any CPU.ActiveCfg = Debug|Any CPU
		{545CF28E-9AD9-4434-91EC-BA1A1561E84A}.Debug|Any CPU.Build.0 = Debug|Any CPU
		{545CF28E-9AD9-4434-91EC-BA1A1561E84A}.Release|Any CPU.ActiveCfg = Release|Any CPU
		{545CF28E-9AD9-4434-91EC-BA1A1561E84A}.Release|Any CPU.Build.0 = Release|Any CPU
		{A510FBD3-DB91-452F-9D48-AAA9B9104419}.Debug|Any CPU.ActiveCfg = Debug|Any CPU
		{A510FBD3-DB91-452F-9D48-AAA9B9104419}.Debug|Any CPU.Build.0 = Debug|Any CPU
		{A510FBD3-DB91-452F-9D48-AAA9B9104419}.Release|Any CPU.ActiveCfg = Release|Any CPU
		{A510FBD3-DB91-452F-9D48-AAA9B9104419}.Release|Any CPU.Build.0 = Release|Any CPU
		{784384D3-7C86-4C57-899A-352982F35FD9}.Debug|Any CPU.ActiveCfg = Debug|Any CPU
		{784384D3-7C86-4C57-899A-352982F35FD9}.Debug|Any CPU.Build.0 = Debug|Any CPU
		{784384D3-7C86-4C57-899A-352982F35FD9}.Release|Any CPU.ActiveCfg = Release|Any CPU
		{784384D3-7C86-4C57-899A-352982F35FD9}.Release|Any CPU.Build.0 = Release|Any CPU
		{037E3425-E178-4A81-AF33-0C57872D3C4B}.Debug|Any CPU.ActiveCfg = Debug|Any CPU
		{037E3425-E178-4A81-AF33-0C57872D3C4B}.Debug|Any CPU.Build.0 = Debug|Any CPU
		{037E3425-E178-4A81-AF33-0C57872D3C4B}.Release|Any CPU.ActiveCfg = Release|Any CPU
		{037E3425-E178-4A81-AF33-0C57872D3C4B}.Release|Any CPU.Build.0 = Release|Any CPU
		{97EEBA3D-3C85-4FCA-A5D9-C4BA39BBA446}.Debug|Any CPU.ActiveCfg = Debug|Any CPU
		{97EEBA3D-3C85-4FCA-A5D9-C4BA39BBA446}.Debug|Any CPU.Build.0 = Debug|Any CPU
		{97EEBA3D-3C85-4FCA-A5D9-C4BA39BBA446}.Release|Any CPU.ActiveCfg = Release|Any CPU
		{97EEBA3D-3C85-4FCA-A5D9-C4BA39BBA446}.Release|Any CPU.Build.0 = Release|Any CPU
		{3DC6D7BF-0DD9-4841-90D0-3F339ACDDE13}.Debug|Any CPU.ActiveCfg = Debug|Any CPU
		{3DC6D7BF-0DD9-4841-90D0-3F339ACDDE13}.Debug|Any CPU.Build.0 = Debug|Any CPU
		{3DC6D7BF-0DD9-4841-90D0-3F339ACDDE13}.Release|Any CPU.ActiveCfg = Release|Any CPU
		{3DC6D7BF-0DD9-4841-90D0-3F339ACDDE13}.Release|Any CPU.Build.0 = Release|Any CPU
		{C16E9BC7-084C-46AE-AD6F-FE7EBA4236B8}.Debug|Any CPU.ActiveCfg = Debug|Any CPU
		{C16E9BC7-084C-46AE-AD6F-FE7EBA4236B8}.Debug|Any CPU.Build.0 = Debug|Any CPU
		{C16E9BC7-084C-46AE-AD6F-FE7EBA4236B8}.Release|Any CPU.ActiveCfg = Release|Any CPU
		{C16E9BC7-084C-46AE-AD6F-FE7EBA4236B8}.Release|Any CPU.Build.0 = Release|Any CPU
		{9A98BAAC-3327-4376-AFDF-7284CFE84FE6}.Debug|Any CPU.ActiveCfg = Debug|Any CPU
		{9A98BAAC-3327-4376-AFDF-7284CFE84FE6}.Debug|Any CPU.Build.0 = Debug|Any CPU
		{9A98BAAC-3327-4376-AFDF-7284CFE84FE6}.Release|Any CPU.ActiveCfg = Release|Any CPU
		{9A98BAAC-3327-4376-AFDF-7284CFE84FE6}.Release|Any CPU.Build.0 = Release|Any CPU
	EndGlobalSection
	GlobalSection(SolutionProperties) = preSolution
		HideSolutionNode = FALSE
	EndGlobalSection
	GlobalSection(NestedProjects) = preSolution
		{F20F3D74-3170-45D7-BE4D-11668319FCC7} = {ADB12E07-2D44-4DE3-AFB7-91F34039E46C}
		{F0B1AD2E-D677-4567-902B-F1C2F057EA11} = {ADB12E07-2D44-4DE3-AFB7-91F34039E46C}
		{BA8DE506-1306-44C1-AF94-A2708B63CC47} = {ADB12E07-2D44-4DE3-AFB7-91F34039E46C}
		{824723F1-3C5E-4EB1-AEF6-918D5A8E8252} = {ADB12E07-2D44-4DE3-AFB7-91F34039E46C}
		{15D5FCC8-6996-404D-B1AB-E75EFFC39105} = {ADB12E07-2D44-4DE3-AFB7-91F34039E46C}
		{6EB9045B-AAD2-4DB3-A26D-B8194A8E58F3} = {ADB12E07-2D44-4DE3-AFB7-91F34039E46C}
		{52E7A6A7-28C2-4717-8F06-335EB9364C88} = {ADB12E07-2D44-4DE3-AFB7-91F34039E46C}
		{A830FEC9-B5B9-4B94-B4F5-0D6AFD29B11D} = {F20F3D74-3170-45D7-BE4D-11668319FCC7}
		{84E3C98E-2896-45DF-BBA5-75860AC5601C} = {A830FEC9-B5B9-4B94-B4F5-0D6AFD29B11D}
		{6B5B423E-143E-46E8-84A1-2E3C2ECBA607} = {F0B1AD2E-D677-4567-902B-F1C2F057EA11}
		{545CF28E-9AD9-4434-91EC-BA1A1561E84A} = {21217843-84C7-4B09-9C86-42E35E595D21}
		{037E3425-E178-4A81-AF33-0C57872D3C4B} = {824723F1-3C5E-4EB1-AEF6-918D5A8E8252}
		{97EEBA3D-3C85-4FCA-A5D9-C4BA39BBA446} = {15D5FCC8-6996-404D-B1AB-E75EFFC39105}
		{EA51EBD7-4037-4EBA-8A31-AAF13D02E8FA} = {6EB9045B-AAD2-4DB3-A26D-B8194A8E58F3}
		{8F707759-FB28-4880-96E7-EA885AF22BA4} = {6EB9045B-AAD2-4DB3-A26D-B8194A8E58F3}
		{3DC6D7BF-0DD9-4841-90D0-3F339ACDDE13} = {EA51EBD7-4037-4EBA-8A31-AAF13D02E8FA}
		{9A98BAAC-3327-4376-AFDF-7284CFE84FE6} = {8F707759-FB28-4880-96E7-EA885AF22BA4}
	EndGlobalSection
EndGlobal
